PODS:
  - FBSnapshotTestCase (2.1.4):
    - FBSnapshotTestCase/SwiftSupport (= 2.1.4)
  - FBSnapshotTestCase/Core (2.1.4)
  - FBSnapshotTestCase/SwiftSupport (2.1.4):
    - FBSnapshotTestCase/Core
  - LGSocket (0.1.0):
    - SwiftProtobuf (~> 1.0.2)
  - SwiftProtobuf (1.0.2)

DEPENDENCIES:
  - FBSnapshotTestCase (~> 2.1.4)
  - LGSocket (from `../`)

EXTERNAL SOURCES:
  LGSocket:
    :path: ../

SPEC CHECKSUMS:
  FBSnapshotTestCase: 094f9f314decbabe373b87cc339bea235a63e07a
  LGSocket: 9bcb8a13427b9625f78f982b09526d209e224f6f
  SwiftProtobuf: e41d205c91eac0fb46823f2561712407fefdaf4e

PODFILE CHECKSUM: 7b71902ff6b0abac870564e7d2da903722ebddca

COCOAPODS: 1.4.0
